// !$*UTF8*$!
{
	archiveVersion = 1;
	classes = {
	};
	objectVersion = 77;
	objects = {

/* Begin PBXBuildFile section */
		3A24D88D2F04F7940098F2CE /* mystical-355968.mp3 in Resources */ = {isa = PBXBuildFile; fileRef = 3A24D88C2F04F7940098F2CE /* mystical-355968.mp3 */; };
		3A7B0EC02F264CBA00AD7242 /* AboutSectionView.swift in Sources */ = {isa = PBXBuildFile; fileRef = 3A7B0EBF2F264CBA00AD7242 /* AboutSectionView.swift */; };
		3ACB9DC02EF665C4001488F6 /* WidgetKit.framework in Frameworks */ = {isa = PBXBuildFile; fileRef = 3A18550F2EB7F5E400A711F2 /* WidgetKit.framework */; };
		3ACB9DC12EF665C4001488F6 /* SwiftUI.framework in Frameworks */ = {isa = PBXBuildFile; fileRef = 3A1855112EB7F5E400A711F2 /* SwiftUI.framework */; };
		3ACB9DD22EF665C4001488F6 /* YesNoGoWidgetExtension.appex in Embed Foundation Extensions */ = {isa = PBXBuildFile; fileRef = 3ACB9DBF2EF665C4001488F6 /* YesNoGoWidgetExtension.appex */; settings = {ATTRIBUTES = (RemoveHeadersOnCopy, ); }; };
		3ADE27A32EF9EE7900F7F8B7 /* steel-blade-slice-4-188216.mp3 in Resources */ = {isa = PBXBuildFile; fileRef = 3ADE27A12EF9EE7900F7F8B7 /* steel-blade-slice-4-188216.mp3 */; };
		3ADE27A42EF9EE7900F7F8B7 /* thud-82914.mp3 in Resources */ = {isa = PBXBuildFile; fileRef = 3ADE27A22EF9EE7900F7F8B7 /* thud-82914.mp3 */; };
		3ADE27A62EF9EF0B00F7F8B7 /* crumping-paper-109585.mp3 in Resources */ = {isa = PBXBuildFile; fileRef = 3ADE27A52EF9EF0B00F7F8B7 /* crumping-paper-109585.mp3 */; };
		3AE678242F3CB46700DF8163 /* rng_ding.mp3 in Resources */ = {isa = PBXBuildFile; fileRef = 3AE678232F3CB46700DF8163 /* rng_ding.mp3 */; };
		3AF002AA2F05B32C00035CDD /* success-fanfare-trumpets-6185.mp3 in Resources */ = {isa = PBXBuildFile; fileRef = 3AF002A92F05B32C00035CDD /* success-fanfare-trumpets-6185.mp3 */; };
		3AF002AC2F05B56200035CDD /* c-chord-83638.mp3 in Resources */ = {isa = PBXBuildFile; fileRef = 3AF002AB2F05B56200035CDD /* c-chord-83638.mp3 */; };
		3AF002AE2F05B62D00035CDD /* wah-wah-sad-trombone-6347.mp3 in Resources */ = {isa = PBXBuildFile; fileRef = 3AF002AD2F05B62D00035CDD /* wah-wah-sad-trombone-6347.mp3 */; };
/* End PBXBuildFile section */

/* Begin PBXContainerItemProxy section */
		3AC6FEC92EF660D3003FB22A /* PBXContainerItemProxy */ = {
			isa = PBXContainerItemProxy;
			containerPortal = 3A50387F2EB6C3A400D411FF /* Project object */;
			proxyType = 1;
			remoteGlobalIDString = 3A18550C2EB7F5E400A711F2;
			remoteInfo = YesNoGoWidgetExtensionExtension;
		};
		3ACB9DD02EF665C4001488F6 /* PBXContainerItemProxy */ = {
			isa = PBXContainerItemProxy;
			containerPortal = 3A50387F2EB6C3A400D411FF /* Project object */;
			proxyType = 1;
			remoteGlobalIDString = 3ACB9DBE2EF665C4001488F6;
			remoteInfo = YesNoGoWidgetExtension;
		};
/* End PBXContainerItemProxy section */

/* Begin PBXCopyFilesBuildPhase section */
		3AC6FEC82EF660B3003FB22A /* Embed Foundation Extensions */ = {
			isa = PBXCopyFilesBuildPhase;
			buildActionMask = 2147483647;
			dstPath = "";
			dstSubfolderSpec = 13;
			files = (
				3ACB9DD22EF665C4001488F6 /* YesNoGoWidgetExtension.appex in Embed Foundation Extensions */,
			);
			name = "Embed Foundation Extensions";
			runOnlyForDeploymentPostprocessing = 0;
		};
/* End PBXCopyFilesBuildPhase section */

/* Begin PBXFileReference section */
		3A18550F2EB7F5E400A711F2 /* WidgetKit.framework */ = {isa = PBXFileReference; lastKnownFileType = wrapper.framework; name = WidgetKit.framework; path = System/Library/Frameworks/WidgetKit.framework; sourceTree = SDKROOT; };
		3A1855112EB7F5E400A711F2 /* SwiftUI.framework */ = {isa = PBXFileReference; lastKnownFileType = wrapper.framework; name = SwiftUI.framework; path = System/Library/Frameworks/SwiftUI.framework; sourceTree = SDKROOT; };
		3A24D88C2F04F7940098F2CE /* mystical-355968.mp3 */ = {isa = PBXFileReference; lastKnownFileType = audio.mp3; path = "mystical-355968.mp3"; sourceTree = "<group>"; };
		3A5038872EB6C3A400D411FF /* Yes? No? Go!.app */ = {isa = PBXFileReference; explicitFileType = wrapper.application; includeInIndex = 0; path = "Yes? No? Go!.app"; sourceTree = BUILT_PRODUCTS_DIR; };
		3A7B0EBF2F264CBA00AD7242 /* AboutSectionView.swift */ = {isa = PBXFileReference; lastKnownFileType = sourcecode.swift; path = AboutSectionView.swift; sourceTree = "<group>"; };
		3ACB9DBF2EF665C4001488F6 /* YesNoGoWidgetExtension.appex */ = {isa = PBXFileReference; explicitFileType = "wrapper.app-extension"; includeInIndex = 0; path = YesNoGoWidgetExtension.appex; sourceTree = BUILT_PRODUCTS_DIR; };
		3ADE27A12EF9EE7900F7F8B7 /* steel-blade-slice-4-188216.mp3 */ = {isa = PBXFileReference; lastKnownFileType = audio.mp3; path = "steel-blade-slice-4-188216.mp3"; sourceTree = "<group>"; };
		3ADE27A22EF9EE7900F7F8B7 /* thud-82914.mp3 */ = {isa = PBXFileReference; lastKnownFileType = audio.mp3; path = "thud-82914.mp3"; sourceTree = "<group>"; };
		3ADE27A52EF9EF0B00F7F8B7 /* crumping-paper-109585.mp3 */ = {isa = PBXFileReference; lastKnownFileType = audio.mp3; path = "crumping-paper-109585.mp3"; sourceTree = "<group>"; };
		3AE678232F3CB46700DF8163 /* rng_ding.mp3 */ = {isa = PBXFileReference; lastKnownFileType = audio.mp3; path = rng_ding.mp3; sourceTree = "<group>"; };
		3AF002A92F05B32C00035CDD /* success-fanfare-trumpets-6185.mp3 */ = {isa = PBXFileReference; lastKnownFileType = audio.mp3; path = "success-fanfare-trumpets-6185.mp3"; sourceTree = "<group>"; };
		3AF002AB2F05B56200035CDD /* c-chord-83638.mp3 */ = {isa = PBXFileReference; lastKnownFileType = audio.mp3; path = "c-chord-83638.mp3"; sourceTree = "<group>"; };
		3AF002AD2F05B62D00035CDD /* wah-wah-sad-trombone-6347.mp3 */ = {isa = PBXFileReference; lastKnownFileType = audio.mp3; path = "wah-wah-sad-trombone-6347.mp3"; sourceTree = "<group>"; };
/* End PBXFileReference section */

/* Begin PBXFileSystemSynchronizedBuildFileExceptionSet section */
		3ACB9DD32EF665C4001488F6 /* Exceptions for "YesNoGoWidget" folder in "YesNoGoWidgetExtension" target */ = {
			isa = PBXFileSystemSynchronizedBuildFileExceptionSet;
			membershipExceptions = (
				Info.plist,
			);
			target = 3ACB9DBE2EF665C4001488F6 /* YesNoGoWidgetExtension */;
		};
/* End PBXFileSystemSynchronizedBuildFileExceptionSet section */

/* Begin PBXFileSystemSynchronizedRootGroup section */
		3A5038892EB6C3A400D411FF /* Yes? No? Go! */ = {
			isa = PBXFileSystemSynchronizedRootGroup;
			path = "Yes? No? Go!";
			sourceTree = "<group>";
		};
		3ACB9DA62EF66444001488F6 /* YesNoGoWidget */ = {
			isa = PBXFileSystemSynchronizedRootGroup;
			path = YesNoGoWidget;
			sourceTree = "<group>";
		};
		3ACB9DC22EF665C4001488F6 /* YesNoGoWidget */ = {
			isa = PBXFileSystemSynchronizedRootGroup;
			exceptions = (
				3ACB9DD32EF665C4001488F6 /* Exceptions for "YesNoGoWidget" folder in "YesNoGoWidgetExtension" target */,
			);
			path = YesNoGoWidget;
			sourceTree = "<group>";
		};
/* End PBXFileSystemSynchronizedRootGroup section */

/* Begin PBXFrameworksBuildPhase section */
		3A5038842EB6C3A400D411FF /* Frameworks */ = {
			isa = PBXFrameworksBuildPhase;
			buildActionMask = 2147483647;
			files = (
			);
			runOnlyForDeploymentPostprocessing = 0;
		};
		3ACB9DBC2EF665C4001488F6 /* Frameworks */ = {
			isa = PBXFrameworksBuildPhase;
			buildActionMask = 2147483647;
			files = (
				3ACB9DC12EF665C4001488F6 /* SwiftUI.framework in Frameworks */,
				3ACB9DC02EF665C4001488F6 /* WidgetKit.framework in Frameworks */,
			);
			runOnlyForDeploymentPostprocessing = 0;
		};
/* End PBXFrameworksBuildPhase section */

/* Begin PBXGroup section */
		3A18550E2EB7F5E400A711F2 /* Frameworks */ = {
			isa = PBXGroup;
			children = (
				3A18550F2EB7F5E400A711F2 /* WidgetKit.framework */,
				3A1855112EB7F5E400A711F2 /* SwiftUI.framework */,
			);
			name = Frameworks;
			sourceTree = "<group>";
		};
		3A50387E2EB6C3A400D411FF = {
			isa = PBXGroup;
			children = (
				3A7B0EBF2F264CBA00AD7242 /* AboutSectionView.swift */,
				3AE678232F3CB46700DF8163 /* rng_ding.mp3 */,
				3AF002AD2F05B62D00035CDD /* wah-wah-sad-trombone-6347.mp3 */,
				3AF002AB2F05B56200035CDD /* c-chord-83638.mp3 */,
				3AF002A92F05B32C00035CDD /* success-fanfare-trumpets-6185.mp3 */,
				3A24D88C2F04F7940098F2CE /* mystical-355968.mp3 */,
				3ADE27A12EF9EE7900F7F8B7 /* steel-blade-slice-4-188216.mp3 */,
				3ADE27A22EF9EE7900F7F8B7 /* thud-82914.mp3 */,
				3ADE27A52EF9EF0B00F7F8B7 /* crumping-paper-109585.mp3 */,
				3A5038892EB6C3A400D411FF /* Yes? No? Go! */,
				3ACB9DA62EF66444001488F6 /* YesNoGoWidget */,
				3ACB9DC22EF665C4001488F6 /* YesNoGoWidget */,
				3A18550E2EB7F5E400A711F2 /* Frameworks */,
				3A5038882EB6C3A400D411FF /* Products */,
			);
			sourceTree = "<group>";
		};
		3A5038882EB6C3A400D411FF /* Products */ = {
			isa = PBXGroup;
			children = (
				3A5038872EB6C3A400D411FF /* Yes? No? Go!.app */,
				3ACB9DBF2EF665C4001488F6 /* YesNoGoWidgetExtension.appex */,
			);
			name = Products;
			sourceTree = "<group>";
		};
/* End PBXGroup section */

/* Begin PBXNativeTarget section */
		3A5038862EB6C3A400D411FF /* Yes? No? Go! */ = {
			isa = PBXNativeTarget;
			buildConfigurationList = 3A5038922EB6C3A500D411FF /* Build configuration list for PBXNativeTarget "Yes? No? Go!" */;
			buildPhases = (
				3A5038832EB6C3A400D411FF /* Sources */,
				3A5038842EB6C3A400D411FF /* Frameworks */,
				3A5038852EB6C3A400D411FF /* Resources */,
				3AC6FEC82EF660B3003FB22A /* Embed Foundation Extensions */,
			);
			buildRules = (
			);
			dependencies = (
				3AC6FECA2EF660D3003FB22A /* PBXTargetDependency */,
				3ACB9DD12EF665C4001488F6 /* PBXTargetDependency */,
			);
			fileSystemSynchronizedGroups = (
				3A5038892EB6C3A400D411FF /* Yes? No? Go! */,
			);
			name = "Yes? No? Go!";
			packageProductDependencies = (
			);
			productName = "Yes? No? Go!";
			productReference = 3A5038872EB6C3A400D411FF /* Yes? No? Go!.app */;
			productType = "com.apple.product-type.application";
		};
		3ACB9DBE2EF665C4001488F6 /* YesNoGoWidgetExtension */ = {
			isa = PBXNativeTarget;
			buildConfigurationList = 3ACB9DD42EF665C4001488F6 /* Build configuration list for PBXNativeTarget "YesNoGoWidgetExtension" */;
			buildPhases = (
				3ACB9DBB2EF665C4001488F6 /* Sources */,
				3ACB9DBC2EF665C4001488F6 /* Frameworks */,
				3ACB9DBD2EF665C4001488F6 /* Resources */,
			);
			buildRules = (
			);
			dependencies = (
			);
			fileSystemSynchronizedGroups = (
				3ACB9DC22EF665C4001488F6 /* YesNoGoWidget */,
			);
			name = YesNoGoWidgetExtension;
			packageProductDependencies = (
			);
			productName = YesNoGoWidgetExtension;
			productReference = 3ACB9DBF2EF665C4001488F6 /* YesNoGoWidgetExtension.appex */;
			productType = "com.apple.product-type.app-extension";
		};
/* End PBXNativeTarget section */

/* Begin PBXProject section */
		3A50387F2EB6C3A400D411FF /* Project object */ = {
			isa = PBXProject;
			attributes = {
				BuildIndependentTargetsInParallel = 1;
				LastSwiftUpdateCheck = 2620;
				LastUpgradeCheck = 2620;
				TargetAttributes = {
					3A5038862EB6C3A400D411FF = {
						CreatedOnToolsVersion = 26.0.1;
					};
					3ACB9DBE2EF665C4001488F6 = {
						CreatedOnToolsVersion = 26.2;
					};
				};
			};
			buildConfigurationList = 3A5038822EB6C3A400D411FF /* Build configuration list for PBXProject "Yes? No? Go!" */;
			developmentRegion = en;
			hasScannedForEncodings = 0;
			knownRegions = (
				en,
				Base,
				"en 2",
			);
			mainGroup = 3A50387E2EB6C3A400D411FF;
			minimizedProjectReferenceProxies = 1;
			preferredProjectObjectVersion = 77;
			productRefGroup = 3A5038882EB6C3A400D411FF /* Products */;
			projectDirPath = "";
			projectRoot = "";
			targets = (
				3A5038862EB6C3A400D411FF /* Yes? No? Go! */,
				3ACB9DBE2EF665C4001488F6 /* YesNoGoWidgetExtension */,
			);
		};
/* End PBXProject section */

/* Begin PBXResourcesBuildPhase section */
		3A5038852EB6C3A400D411FF /* Resources */ = {
			isa = PBXResourcesBuildPhase;
			buildActionMask = 2147483647;
			files = (
				3AE678242F3CB46700DF8163 /* rng_ding.mp3 in Resources */,
				3A24D88D2F04F7940098F2CE /* mystical-355968.mp3 in Resources */,
				3ADE27A32EF9EE7900F7F8B7 /* steel-blade-slice-4-188216.mp3 in Resources */,
				3AF002AA2F05B32C00035CDD /* success-fanfare-trumpets-6185.mp3 in Resources */,
				3AF002AC2F05B56200035CDD /* c-chord-83638.mp3 in Resources */,
				3AF002AE2F05B62D00035CDD /* wah-wah-sad-trombone-6347.mp3 in Resources */,
				3ADE27A42EF9EE7900F7F8B7 /* thud-82914.mp3 in Resources */,
				3ADE27A62EF9EF0B00F7F8B7 /* crumping-paper-109585.mp3 in Resources */,
			);
			runOnlyForDeploymentPostprocessing = 0;
		};
		3ACB9DBD2EF665C4001488F6 /* Resources */ = {
			isa = PBXResourcesBuildPhase;
			buildActionMask = 2147483647;
			files = (
			);
			runOnlyForDeploymentPostprocessing = 0;
		};
/* End PBXResourcesBuildPhase section */

/* Begin PBXSourcesBuildPhase section */
		3A5038832EB6C3A400D411FF /* Sources */ = {
			isa = PBXSourcesBuildPhase;
			buildActionMask = 2147483647;
			files = (
				3A7B0EC02F264CBA00AD7242 /* AboutSectionView.swift in Sources */,
			);
			runOnlyForDeploymentPostprocessing = 0;
		};
		3ACB9DBB2EF665C4001488F6 /* Sources */ = {
			isa = PBXSourcesBuildPhase;
			buildActionMask = 2147483647;
			files = (
			);
			runOnlyForDeploymentPostprocessing = 0;
		};
/* End PBXSourcesBuildPhase section */

/* Begin PBXTargetDependency section */
		3AC6FECA2EF660D3003FB22A /* PBXTargetDependency */ = {
			isa = PBXTargetDependency;
			targetProxy = 3AC6FEC92EF660D3003FB22A /* PBXContainerItemProxy */;
		};
		3ACB9DD12EF665C4001488F6 /* PBXTargetDependency */ = {
			isa = PBXTargetDependency;
			target = 3ACB9DBE2EF665C4001488F6 /* YesNoGoWidgetExtension */;
			targetProxy = 3ACB9DD02EF665C4001488F6 /* PBXContainerItemProxy */;
		};
/* End PBXTargetDependency section */

/* Begin XCBuildConfiguration section */
		3A5038902EB6C3A500D411FF /* Debug */ = {
			isa = XCBuildConfiguration;
			buildSettings = {
				ALWAYS_SEARCH_USER_PATHS = NO;
				ASSETCATALOG_COMPILER_GENERATE_SWIFT_ASSET_SYMBOL_EXTENSIONS = YES;
				CLANG_ANALYZER_NONNULL = YES;
				CLANG_ANALYZER_NUMBER_OBJECT_CONVERSION = YES_AGGRESSIVE;
				CLANG_CXX_LANGUAGE_STANDARD = "gnu++20";
				CLANG_ENABLE_MODULES = YES;
				CLANG_ENABLE_OBJC_ARC = YES;
				CLANG_ENABLE_OBJC_WEAK = YES;
				CLANG_WARN_BLOCK_CAPTURE_AUTORELEASING = YES;
				CLANG_WARN_BOOL_CONVERSION = YES;
				CLANG_WARN_COMMA = YES;
				CLANG_WARN_CONSTANT_CONVERSION = YES;
				CLANG_WARN_DEPRECATED_OBJC_IMPLEMENTATIONS = YES;
				CLANG_WARN_DIRECT_OBJC_ISA_USAGE = YES_ERROR;
				CLANG_WARN_DOCUMENTATION_COMMENTS = YES;
				CLANG_WARN_EMPTY_BODY = YES;
				CLANG_WARN_ENUM_CONVERSION = YES;
				CLANG_WARN_INFINITE_RECURSION = YES;
				CLANG_WARN_INT_CONVERSION = YES;
				CLANG_WARN_NON_LITERAL_NULL_CONVERSION = YES;
				CLANG_WARN_OBJC_IMPLICIT_RETAIN_SELF = YES;
				CLANG_WARN_OBJC_LITERAL_CONVERSION = YES;
				CLANG_WARN_OBJC_ROOT_CLASS = YES_ERROR;
				CLANG_WARN_QUOTED_INCLUDE_IN_FRAMEWORK_HEADER = YES;
				CLANG_WARN_RANGE_LOOP_ANALYSIS = YES;
				CLANG_WARN_STRICT_PROTOTYPES = YES;
				CLANG_WARN_SUSPICIOUS_MOVE = YES;
				CLANG_WARN_UNGUARDED_AVAILABILITY = YES_AGGRESSIVE;
				CLANG_WARN_UNREACHABLE_CODE = YES;
				CLANG_WARN__DUPLICATE_METHOD_MATCH = YES;
				COPY_PHASE_STRIP = NO;
				DEAD_CODE_STRIPPING = YES;
				DEBUG_INFORMATION_FORMAT = dwarf;
				DEVELOPMENT_TEAM = 2R5TZD4XAH;
				ENABLE_STRICT_OBJC_MSGSEND = YES;
				ENABLE_TESTABILITY = YES;
				ENABLE_USER_SCRIPT_SANDBOXING = YES;
				GCC_C_LANGUAGE_STANDARD = gnu17;
				GCC_DYNAMIC_NO_PIC = NO;
				GCC_NO_COMMON_BLOCKS = YES;
				GCC_OPTIMIZATION_LEVEL = 0;
				GCC_PREPROCESSOR_DEFINITIONS = (
					"DEBUG=1",
					"$(inherited)",
				);
				GCC_WARN_64_TO_32_BIT_CONVERSION = YES;
				GCC_WARN_ABOUT_RETURN_TYPE = YES_ERROR;
				GCC_WARN_UNDECLARED_SELECTOR = YES;
				GCC_WARN_UNINITIALIZED_AUTOS = YES_AGGRESSIVE;
				GCC_WARN_UNUSED_FUNCTION = YES;
				GCC_WARN_UNUSED_VARIABLE = YES;
				LOCALIZATION_PREFERS_STRING_CATALOGS = YES;
				MTL_ENABLE_DEBUG_INFO = INCLUDE_SOURCE;
				MTL_FAST_MATH = YES;
				ONLY_ACTIVE_ARCH = YES;
				STRING_CATALOG_GENERATE_SYMBOLS = YES;
				SWIFT_ACTIVE_COMPILATION_CONDITIONS = "DEBUG $(inherited)";
				SWIFT_OPTIMIZATION_LEVEL = "-Onone";
			};
			name = Debug;
		};
		3A5038912EB6C3A500D411FF /* Release */ = {
			isa = XCBuildConfiguration;
			buildSettings = {
				ALWAYS_SEARCH_USER_PATHS = NO;
				ASSETCATALOG_COMPILER_GENERATE_SWIFT_ASSET_SYMBOL_EXTENSIONS = YES;
				CLANG_ANALYZER_NONNULL = YES;
				CLANG_ANALYZER_NUMBER_OBJECT_CONVERSION = YES_AGGRESSIVE;
				CLANG_CXX_LANGUAGE_STANDARD = "gnu++20";
				CLANG_ENABLE_MODULES = YES;
				CLANG_ENABLE_OBJC_ARC = YES;
				CLANG_ENABLE_OBJC_WEAK = YES;
				CLANG_WARN_BLOCK_CAPTURE_AUTORELEASING = YES;
				CLANG_WARN_BOOL_CONVERSION = YES;
				CLANG_WARN_COMMA = YES;
				CLANG_WARN_CONSTANT_CONVERSION = YES;
				CLANG_WARN_DEPRECATED_OBJC_IMPLEMENTATIONS = YES;
				CLANG_WARN_DIRECT_OBJC_ISA_USAGE = YES_ERROR;
				CLANG_WARN_DOCUMENTATION_COMMENTS = YES;
				CLANG_WARN_EMPTY_BODY = YES;
				CLANG_WARN_ENUM_CONVERSION = YES;
				CLANG_WARN_INFINITE_RECURSION = YES;
				CLANG_WARN_INT_CONVERSION = YES;
				CLANG_WARN_NON_LITERAL_NULL_CONVERSION = YES;
				CLANG_WARN_OBJC_IMPLICIT_RETAIN_SELF = YES;
				CLANG_WARN_OBJC_LITERAL_CONVERSION = YES;
				CLANG_WARN_OBJC_ROOT_CLASS = YES_ERROR;
				CLANG_WARN_QUOTED_INCLUDE_IN_FRAMEWORK_HEADER = YES;
				CLANG_WARN_RANGE_LOOP_ANALYSIS = YES;
				CLANG_WARN_STRICT_PROTOTYPES = YES;
				CLANG_WARN_SUSPICIOUS_MOVE = YES;
				CLANG_WARN_UNGUARDED_AVAILABILITY = YES_AGGRESSIVE;
				CLANG_WARN_UNREACHABLE_CODE = YES;
				CLANG_WARN__DUPLICATE_METHOD_MATCH = YES;
				COPY_PHASE_STRIP = NO;
				DEAD_CODE_STRIPPING = YES;
				DEBUG_INFORMATION_FORMAT = "dwarf-with-dsym";
				DEVELOPMENT_TEAM = 2R5TZD4XAH;
				ENABLE_NS_ASSERTIONS = NO;
				ENABLE_STRICT_OBJC_MSGSEND = YES;
				ENABLE_USER_SCRIPT_SANDBOXING = YES;
				GCC_C_LANGUAGE_STANDARD = gnu17;
				GCC_NO_COMMON_BLOCKS = YES;
				GCC_WARN_64_TO_32_BIT_CONVERSION = YES;
				GCC_WARN_ABOUT_RETURN_TYPE = YES_ERROR;
				GCC_WARN_UNDECLARED_SELECTOR = YES;
				GCC_WARN_UNINITIALIZED_AUTOS = YES_AGGRESSIVE;
				GCC_WARN_UNUSED_FUNCTION = YES;
				GCC_WARN_UNUSED_VARIABLE = YES;
				LOCALIZATION_PREFERS_STRING_CATALOGS = YES;
				MTL_ENABLE_DEBUG_INFO = NO;
				MTL_FAST_MATH = YES;
				STRING_CATALOG_GENERATE_SYMBOLS = YES;
				SWIFT_COMPILATION_MODE = wholemodule;
			};
			name = Release;
		};
		3A5038932EB6C3A500D411FF /* Debug */ = {
			isa = XCBuildConfiguration;
			buildSettings = {
				ASSETCATALOG_COMPILER_APPICON_NAME = AppIcon;
				ASSETCATALOG_COMPILER_GLOBAL_ACCENT_COLOR_NAME = AccentColor;
				CODE_SIGN_STYLE = Automatic;
				CURRENT_PROJECT_VERSION = 1;
				DEAD_CODE_STRIPPING = YES;
				DEVELOPMENT_TEAM = 2R5TZD4XAH;
				ENABLE_APP_SANDBOX = YES;
				ENABLE_HARDENED_RUNTIME = YES;
				ENABLE_PREVIEWS = YES;
				ENABLE_USER_SELECTED_FILES = readonly;
				GENERATE_INFOPLIST_FILE = YES;
				INFOPLIST_KEY_LSApplicationCategoryType = "public.app-category.lifestyle";
				"INFOPLIST_KEY_UIApplicationSceneManifest_Generation[sdk=iphoneos*]" = YES;
				"INFOPLIST_KEY_UIApplicationSceneManifest_Generation[sdk=iphonesimulator*]" = YES;
				"INFOPLIST_KEY_UIApplicationSupportsIndirectInputEvents[sdk=iphoneos*]" = YES;
				"INFOPLIST_KEY_UIApplicationSupportsIndirectInputEvents[sdk=iphonesimulator*]" = YES;
				"INFOPLIST_KEY_UILaunchScreen_Generation[sdk=iphoneos*]" = YES;
				"INFOPLIST_KEY_UILaunchScreen_Generation[sdk=iphonesimulator*]" = YES;
				"INFOPLIST_KEY_UIStatusBarStyle[sdk=iphoneos*]" = UIStatusBarStyleDefault;
				"INFOPLIST_KEY_UIStatusBarStyle[sdk=iphonesimulator*]" = UIStatusBarStyleDefault;
				INFOPLIST_KEY_UISupportedInterfaceOrientations_iPad = "UIInterfaceOrientationPortrait UIInterfaceOrientationPortraitUpsideDown UIInterfaceOrientationLandscapeLeft UIInterfaceOrientationLandscapeRight";
				INFOPLIST_KEY_UISupportedInterfaceOrientations_iPhone = "UIInterfaceOrientationPortrait UIInterfaceOrientationLandscapeLeft UIInterfaceOrientationLandscapeRight";
				IPHONEOS_DEPLOYMENT_TARGET = 18.6;
				LD_RUNPATH_SEARCH_PATHS = "@executable_path/Frameworks";
				"LD_RUNPATH_SEARCH_PATHS[sdk=macosx*]" = "@executable_path/../Frameworks";
				MACOSX_DEPLOYMENT_TARGET = 15.6;
				MARKETING_VERSION = 1.6.2;
				PRODUCT_BUNDLE_IDENTIFIER = "com.geoffrey.silva.Yes--No--Go-";
				PRODUCT_NAME = "$(TARGET_NAME)";
				REGISTER_APP_GROUPS = YES;
				SDKROOT = iphoneos;
				STRING_CATALOG_GENERATE_SYMBOLS = YES;
				SUPPORTED_PLATFORMS = "iphoneos iphonesimulator macosx xros xrsimulator";
				SWIFT_APPROACHABLE_CONCURRENCY = YES;
				SWIFT_DEFAULT_ACTOR_ISOLATION = MainActor;
				SWIFT_EMIT_LOC_STRINGS = YES;
				SWIFT_UPCOMING_FEATURE_MEMBER_IMPORT_VISIBILITY = YES;
				SWIFT_VERSION = 5.0;
				TARGETED_DEVICE_FAMILY = "1,2,7";
				XROS_DEPLOYMENT_TARGET = 2.6;
			};
			name = Debug;
		};
		3A5038942EB6C3A500D411FF /* Release */ = {
			isa = XCBuildConfiguration;
			buildSettings = {
				ASSETCATALOG_COMPILER_APPICON_NAME = AppIcon;
				ASSETCATALOG_COMPILER_GLOBAL_ACCENT_COLOR_NAME = AccentColor;
				CODE_SIGN_STYLE = Automatic;
				CURRENT_PROJECT_VERSION = 1;
				DEAD_CODE_STRIPPING = YES;
				DEVELOPMENT_TEAM = 2R5TZD4XAH;
				ENABLE_APP_SANDBOX = YES;
				ENABLE_HARDENED_RUNTIME = YES;
				ENABLE_PREVIEWS = YES;
				ENABLE_USER_SELECTED_FILES = readonly;
				GENERATE_INFOPLIST_FILE = YES;
				INFOPLIST_KEY_LSApplicationCategoryType = "public.app-category.lifestyle";
				"INFOPLIST_KEY_UIApplicationSceneManifest_Generation[sdk=iphoneos*]" = YES;
				"INFOPLIST_KEY_UIApplicationSceneManifest_Generation[sdk=iphonesimulator*]" = YES;
				"INFOPLIST_KEY_UIApplicationSupportsIndirectInputEvents[sdk=iphoneos*]" = YES;
				"INFOPLIST_KEY_UIApplicationSupportsIndirectInputEvents[sdk=iphonesimulator*]" = YES;
				"INFOPLIST_KEY_UILaunchScreen_Generation[sdk=iphoneos*]" = YES;
				"INFOPLIST_KEY_UILaunchScreen_Generation[sdk=iphonesimulator*]" = YES;
				"INFOPLIST_KEY_UIStatusBarStyle[sdk=iphoneos*]" = UIStatusBarStyleDefault;
				"INFOPLIST_KEY_UIStatusBarStyle[sdk=iphonesimulator*]" = UIStatusBarStyleDefault;
				INFOPLIST_KEY_UISupportedInterfaceOrientations_iPad = "UIInterfaceOrientationPortrait UIInterfaceOrientationPortraitUpsideDown UIInterfaceOrientationLandscapeLeft UIInterfaceOrientationLandscapeRight";
				INFOPLIST_KEY_UISupportedInterfaceOrientations_iPhone = "UIInterfaceOrientationPortrait UIInterfaceOrientationLandscapeLeft UIInterfaceOrientationLandscapeRight";
				IPHONEOS_DEPLOYMENT_TARGET = 18.6;
				LD_RUNPATH_SEARCH_PATHS = "@executable_path/Frameworks";
				"LD_RUNPATH_SEARCH_PATHS[sdk=macosx*]" = "@executable_path/../Frameworks";
				MACOSX_DEPLOYMENT_TARGET = 15.6;
				MARKETING_VERSION = 1.6.2;
				PRODUCT_BUNDLE_IDENTIFIER = "com.geoffrey.silva.Yes--No--Go-";
				PRODUCT_NAME = "$(TARGET_NAME)";
				REGISTER_APP_GROUPS = YES;
				SDKROOT = iphoneos;
				STRING_CATALOG_GENERATE_SYMBOLS = YES;
				SUPPORTED_PLATFORMS = "iphoneos iphonesimulator macosx xros xrsimulator";
				SWIFT_APPROACHABLE_CONCURRENCY = YES;
				SWIFT_DEFAULT_ACTOR_ISOLATION = MainActor;
				SWIFT_EMIT_LOC_STRINGS = YES;
				SWIFT_UPCOMING_FEATURE_MEMBER_IMPORT_VISIBILITY = YES;
				SWIFT_VERSION = 5.0;
				TARGETED_DEVICE_FAMILY = "1,2,7";
				XROS_DEPLOYMENT_TARGET = 2.6;
			};
			name = Release;
		};
		3ACB9DD52EF665C4001488F6 /* Debug */ = {
			isa = XCBuildConfiguration;
			buildSettings = {
				ASSETCATALOG_COMPILER_GLOBAL_ACCENT_COLOR_NAME = AccentColor;
				ASSETCATALOG_COMPILER_WIDGET_BACKGROUND_COLOR_NAME = WidgetBackground;
				CODE_SIGN_IDENTITY = "Apple Development";
				CODE_SIGN_STYLE = Automatic;
				CURRENT_PROJECT_VERSION = 1;
				DEVELOPMENT_TEAM = 2R5TZD4XAH;
				GENERATE_INFOPLIST_FILE = YES;
				INFOPLIST_FILE = YesNoGoWidget/Info.plist;
				INFOPLIST_KEY_CFBundleDisplayName = YesNoGoWidget;
				INFOPLIST_KEY_NSHumanReadableCopyright = "";
				IPHONEOS_DEPLOYMENT_TARGET = 26.2;
				LD_RUNPATH_SEARCH_PATHS = (
					"$(inherited)",
					"@executable_path/Frameworks",
					"@executable_path/../../Frameworks",
				);
				MARKETING_VERSION = 1.6.2;
				PRODUCT_BUNDLE_IDENTIFIER = "com.geoffrey.silva.Yes--No--Go-.YesNoGoWidget";
				PRODUCT_NAME = "$(TARGET_NAME)";
				PROVISIONING_PROFILE_SPECIFIER = "";
				SDKROOT = iphoneos;
				SKIP_INSTALL = YES;
				STRING_CATALOG_GENERATE_SYMBOLS = YES;
				SWIFT_APPROACHABLE_CONCURRENCY = YES;
				SWIFT_EMIT_LOC_STRINGS = YES;
				SWIFT_UPCOMING_FEATURE_MEMBER_IMPORT_VISIBILITY = YES;
				SWIFT_VERSION = 5.0;
				TARGETED_DEVICE_FAMILY = "1,2";
			};
			name = Debug;
		};
		3ACB9DD62EF665C4001488F6 /* Release */ = {
			isa = XCBuildConfiguration;
			buildSettings = {
				ASSETCATALOG_COMPILER_GLOBAL_ACCENT_COLOR_NAME = AccentColor;
				ASSETCATALOG_COMPILER_WIDGET_BACKGROUND_COLOR_NAME = WidgetBackground;
				CODE_SIGN_IDENTITY = "Apple Development";
				CODE_SIGN_STYLE = Automatic;
				CURRENT_PROJECT_VERSION = 1;
				DEVELOPMENT_TEAM = 2R5TZD4XAH;
				GENERATE_INFOPLIST_FILE = YES;
				INFOPLIST_FILE = YesNoGoWidget/Info.plist;
				INFOPLIST_KEY_CFBundleDisplayName = YesNoGoWidget;
				INFOPLIST_KEY_NSHumanReadableCopyright = "";
				IPHONEOS_DEPLOYMENT_TARGET = 26.2;
				LD_RUNPATH_SEARCH_PATHS = (
					"$(inherited)",
					"@executable_path/Frameworks",
					"@executable_path/../../Frameworks",
				);
				MARKETING_VERSION = 1.6.2;
				PRODUCT_BUNDLE_IDENTIFIER = "com.geoffrey.silva.Yes--No--Go-.YesNoGoWidget";
				PRODUCT_NAME = "$(TARGET_NAME)";
				PROVISIONING_PROFILE_SPECIFIER = "";
				SDKROOT = iphoneos;
				SKIP_INSTALL = YES;
				STRING_CATALOG_GENERATE_SYMBOLS = YES;
				SWIFT_APPROACHABLE_CONCURRENCY = YES;
				SWIFT_EMIT_LOC_STRINGS = YES;
				SWIFT_UPCOMING_FEATURE_MEMBER_IMPORT_VISIBILITY = YES;
				SWIFT_VERSION = 5.0;
				TARGETED_DEVICE_FAMILY = "1,2";
				VALIDATE_PRODUCT = YES;
			};
			name = Release;
		};
/* End XCBuildConfiguration section */

/* Begin XCConfigurationList section */
		3A5038822EB6C3A400D411FF /* Build configuration list for PBXProject "Yes? No? Go!" */ = {
			isa = XCConfigurationList;
			buildConfigurations = (
				3A5038902EB6C3A500D411FF /* Debug */,
				3A5038912EB6C3A500D411FF /* Release */,
			);
			defaultConfigurationIsVisible = 0;
			defaultConfigurationName = Release;
		};
		3A5038922EB6C3A500D411FF /* Build configuration list for PBXNativeTarget "Yes? No? Go!" */ = {
			isa = XCConfigurationList;
			buildConfigurations = (
				3A5038932EB6C3A500D411FF /* Debug */,
				3A5038942EB6C3A500D411FF /* Release */,
			);
			defaultConfigurationIsVisible = 0;
			defaultConfigurationName = Release;
		};
		3ACB9DD42EF665C4001488F6 /* Build configuration list for PBXNativeTarget "YesNoGoWidgetExtension" */ = {
			isa = XCConfigurationList;
			buildConfigurations = (
				3ACB9DD52EF665C4001488F6 /* Debug */,
				3ACB9DD62EF665C4001488F6 /* Release */,
			);
			defaultConfigurationIsVisible = 0;
			defaultConfigurationName = Release;
		};
/* End XCConfigurationList section */
	};
	rootObject = 3A50387F2EB6C3A400D411FF /* Project object */;
}
